// !$*UTF8*$!
{
	archiveVersion = 1;
	classes = {
	};
	objectVersion = 50;
	objects = {

/* Begin PBXBuildFile section */
		4478000626FF599E0009EB1D /* CoinManager.swift in Sources */ = {isa = PBXBuildFile; fileRef = 4478000526FF599E0009EB1D /* CoinManager.swift */; };
		44BB26AD27021B9C00C81FFD /* CoinData.swift in Sources */ = {isa = PBXBuildFile; fileRef = 44BB26AC27021B9C00C81FFD /* CoinData.swift */; };
		44D4D55C26FCE9BB00B95669 /* AppDelegate.swift in Sources */ = {isa = PBXBuildFile; fileRef = 44D4D55B26FCE9BB00B95669 /* AppDelegate.swift */; };
		44D4D55E26FCE9BB00B95669 /* SceneDelegate.swift in Sources */ = {isa = PBXBuildFile; fileRef = 44D4D55D26FCE9BB00B95669 /* SceneDelegate.swift */; };
		44D4D56026FCE9BB00B95669 /* ViewController.swift in Sources */ = {isa = PBXBuildFile; fileRef = 44D4D55F26FCE9BB00B95669 /* ViewController.swift */; };
		44D4D56326FCE9BB00B95669 /* Main.storyboard in Resources */ = {isa = PBXBuildFile; fileRef = 44D4D56126FCE9BB00B95669 /* Main.storyboard */; };
		44D4D56526FCE9C000B95669 /* Assets.xcassets in Resources */ = {isa = PBXBuildFile; fileRef = 44D4D56426FCE9C000B95669 /* Assets.xcassets */; };
		44D4D56826FCE9C000B95669 /* LaunchScreen.storyboard in Resources */ = {isa = PBXBuildFile; fileRef = 44D4D56626FCE9C000B95669 /* LaunchScreen.storyboard */; };
/* End PBXBuildFile section */

/* Begin PBXFileReference section */
		4478000526FF599E0009EB1D /* CoinManager.swift */ = {isa = PBXFileReference; lastKnownFileType = sourcecode.swift; path = CoinManager.swift; sourceTree = "<group>"; };
		44BB26AC27021B9C00C81FFD /* CoinData.swift */ = {isa = PBXFileReference; lastKnownFileType = sourcecode.swift; path = CoinData.swift; sourceTree = "<group>"; };
		44D4D55826FCE9BB00B95669 /* ByteCoin.app */ = {isa = PBXFileReference; explicitFileType = wrapper.application; includeInIndex = 0; path = ByteCoin.app; sourceTree = BUILT_PRODUCTS_DIR; };
		44D4D55B26FCE9BB00B95669 /* AppDelegate.swift */ = {isa = PBXFileReference; lastKnownFileType = sourcecode.swift; path = AppDelegate.swift; sourceTree = "<group>"; };
		44D4D55D26FCE9BB00B95669 /* SceneDelegate.swift */ = {isa = PBXFileReference; lastKnownFileType = sourcecode.swift; path = SceneDelegate.swift; sourceTree = "<group>"; };
		44D4D55F26FCE9BB00B95669 /* ViewController.swift */ = {isa = PBXFileReference; lastKnownFileType = sourcecode.swift; path = ViewController.swift; sourceTree = "<group>"; };
		44D4D56226FCE9BB00B95669 /* Base */ = {isa = PBXFileReference; lastKnownFileType = file.storyboard; name = Base; path = Base.lproj/Main.storyboard; sourceTree = "<group>"; };
		44D4D56426FCE9C000B95669 /* Assets.xcassets */ = {isa = PBXFileReference; lastKnownFileType = folder.assetcatalog; path = Assets.xcassets; sourceTree = "<group>"; };
		44D4D56726FCE9C000B95669 /* Base */ = {isa = PBXFileReference; lastKnownFileType = file.storyboard; name = Base; path = Base.lproj/LaunchScreen.storyboard; sourceTree = "<group>"; };
		44D4D56926FCE9C000B95669 /* Info.plist */ = {isa = PBXFileReference; lastKnownFileType = text.plist.xml; path = Info.plist; sourceTree = "<group>"; };
/* End PBXFileReference section */

/* Begin PBXFrameworksBuildPhase section */
		44D4D55526FCE9BB00B95669 /* Frameworks */ = {
			isa = PBXFrameworksBuildPhase;
			buildActionMask = 2147483647;
			files = (
			);
			runOnlyForDeploymentPostprocessing = 0;
		};
/* End PBXFrameworksBuildPhase section */

/* Begin PBXGroup section */
		4478000226FF59250009EB1D /* View */ = {
			isa = PBXGroup;
			children = (
				44D4D56126FCE9BB00B95669 /* Main.storyboard */,
			);
			path = View;
			sourceTree = "<group>";
		};
		4478000326FF59400009EB1D /* Controller */ = {
			isa = PBXGroup;
			children = (
				44D4D55F26FCE9BB00B95669 /* ViewController.swift */,
			);
			path = Controller;
			sourceTree = "<group>";
		};
		4478000426FF59560009EB1D /* Model */ = {
			isa = PBXGroup;
			children = (
				4478000526FF599E0009EB1D /* CoinManager.swift */,
				44BB26AC27021B9C00C81FFD /* CoinData.swift */,
			);
			path = Model;
			sourceTree = "<group>";
		};
		44D4D54F26FCE9BB00B95669 = {
			isa = PBXGroup;
			children = (
				44D4D55A26FCE9BB00B95669 /* ByteCoin */,
				44D4D55926FCE9BB00B95669 /* Products */,
			);
			sourceTree = "<group>";
		};
		44D4D55926FCE9BB00B95669 /* Products */ = {
			isa = PBXGroup;
			children = (
				44D4D55826FCE9BB00B95669 /* ByteCoin.app */,
			);
			name = Products;
			sourceTree = "<group>";
		};
		44D4D55A26FCE9BB00B95669 /* ByteCoin */ = {
			isa = PBXGroup;
			children = (
				44D4D55B26FCE9BB00B95669 /* AppDelegate.swift */,
				44D4D55D26FCE9BB00B95669 /* SceneDelegate.swift */,
				4478000426FF59560009EB1D /* Model */,
				4478000226FF59250009EB1D /* View */,
				4478000326FF59400009EB1D /* Controller */,
				44D4D56426FCE9C000B95669 /* Assets.xcassets */,
				44D4D56626FCE9C000B95669 /* LaunchScreen.storyboard */,
				44D4D56926FCE9C000B95669 /* Info.plist */,
			);
			path = ByteCoin;
			sourceTree = "<group>";
		};
/* End PBXGroup section */

/* Begin PBXNativeTarget section */
		44D4D55726FCE9BB00B95669 /* ByteCoin */ = {
			isa = PBXNativeTarget;
			buildConfigurationList = 44D4D56C26FCE9C000B95669 /* Build configuration list for PBXNativeTarget "ByteCoin" */;
			buildPhases = (
				44D4D55426FCE9BB00B95669 /* Sources */,
				44D4D55526FCE9BB00B95669 /* Frameworks */,
				44D4D55626FCE9BB00B95669 /* Resources */,
			);
			buildRules = (
			);
			dependencies = (
			);
			name = ByteCoin;
			productName = ByteCoin;
			productReference = 44D4D55826FCE9BB00B95669 /* ByteCoin.app */;
			productType = "com.apple.product-type.application";
		};
/* End PBXNativeTarget section */

/* Begin PBXProject section */
		44D4D55026FCE9BB00B95669 /* Project object */ = {
			isa = PBXProject;
			attributes = {
				LastSwiftUpdateCheck = 1130;
				LastUpgradeCheck = 1130;
				ORGANIZATIONNAME = abanob;
				TargetAttributes = {
					44D4D55726FCE9BB00B95669 = {
						CreatedOnToolsVersion = 11.3.1;
					};
				};
			};
			buildConfigurationList = 44D4D55326FCE9BB00B95669 /* Build configuration list for PBXProject "ByteCoin" */;
			compatibilityVersion = "Xcode 9.3";
			developmentRegion = en;
			hasScannedForEncodings = 0;
			knownRegions = (
				en,
				Base,
			);
			mainGroup = 44D4D54F26FCE9BB00B95669;
			productRefGroup = 44D4D55926FCE9BB00B95669 /* Products */;
			projectDirPath = "";
			projectRoot = "";
			targets = (
				44D4D55726FCE9BB00B95669 /* ByteCoin */,
			);
		};
/* End PBXProject section */

/* Begin PBXResourcesBuildPhase section */
		44D4D55626FCE9BB00B95669 /* Resources */ = {
			isa = PBXResourcesBuildPhase;
			buildActionMask = 2147483647;
			files = (
				44D4D56826FCE9C000B95669 /* LaunchScreen.storyboard in Resources */,
				44D4D56526FCE9C000B95669 /* Assets.xcassets in Resources */,
				44D4D56326FCE9BB00B95669 /* Main.storyboard in Resources */,
			);
			runOnlyForDeploymentPostprocessing = 0;
		};
/* End PBXResourcesBuildPhase section */

/* Begin PBXSourcesBuildPhase section */
		44D4D55426FCE9BB00B95669 /* Sources */ = {
			isa = PBXSourcesBuildPhase;
			buildActionMask = 2147483647;
			files = (
				4478000626FF599E0009EB1D /* CoinManager.swift in Sources */,
				44D4D56026FCE9BB00B95669 /* ViewController.swift in Sources */,
				44BB26AD27021B9C00C81FFD /* CoinData.swift in Sources */,
				44D4D55C26FCE9BB00B95669 /* AppDelegate.swift in Sources */,
				44D4D55E26FCE9BB00B95669 /* SceneDelegate.swift in Sources */,
			);
			runOnlyForDeploymentPostprocessing = 0;
		};
/* End PBXSourcesBuildPhase section */

/* Begin PBXVariantGroup section */
		44D4D56126FCE9BB00B95669 /* Main.storyboard */ = {
			isa = PBXVariantGroup;
			children = (
				44D4D56226FCE9BB00B95669 /* Base */,
			);
			name = Main.storyboard;
			sourceTree = "<group>";
		};
		44D4D56626FCE9C000B95669 /* LaunchScreen.storyboard */ = {
			isa = PBXVariantGroup;
			children = (
				44D4D56726FCE9C000B95669 /* Base */,
			);
			name = LaunchScreen.storyboard;
			sourceTree = "<group>";
		};
/* End PBXVariantGroup section */

/* Begin XCBuildConfiguration section */
		44D4D56A26FCE9C000B95669 /* Debug */ = {
			isa = XCBuildConfiguration;
			buildSettings = {
				ALWAYS_SEARCH_USER_PATHS = NO;
				CLANG_ANALYZER_NONNULL = YES;
				CLANG_ANALYZER_NUMBER_OBJECT_CONVERSION = YES_AGGRESSIVE;
				CLANG_CXX_LANGUAGE_STANDARD = "gnu++14";
				CLANG_CXX_LIBRARY = "libc++";
				CLANG_ENABLE_MODULES = YES;
				CLANG_ENABLE_OBJC_ARC = YES;
				CLANG_ENABLE_OBJC_WEAK = YES;
				CLANG_WARN_BLOCK_CAPTURE_AUTORELEASING = YES;
				CLANG_WARN_BOOL_CONVERSION = YES;
				CLANG_WARN_COMMA = YES;
				CLANG_WARN_CONSTANT_CONVERSION = YES;
				CLANG_WARN_DEPRECATED_OBJC_IMPLEMENTATIONS = YES;
				CLANG_WARN_DIRECT_OBJC_ISA_USAGE = YES_ERROR;
				CLANG_WARN_DOCUMENTATION_COMMENTS = YES;
				CLANG_WARN_EMPTY_BODY = YES;
				CLANG_WARN_ENUM_CONVERSION = YES;
				CLANG_WARN_INFINITE_RECURSION = YES;
				CLANG_WARN_INT_CONVERSION = YES;
				CLANG_WARN_NON_LITERAL_NULL_CONVERSION = YES;
				CLANG_WARN_OBJC_IMPLICIT_RETAIN_SELF = YES;
				CLANG_WARN_OBJC_LITERAL_CONVERSION = YES;
				CLANG_WARN_OBJC_ROOT_CLASS = YES_ERROR;
				CLANG_WARN_RANGE_LOOP_ANALYSIS = YES;
				CLANG_WARN_STRICT_PROTOTYPES = YES;
				CLANG_WARN_SUSPICIOUS_MOVE = YES;
				CLANG_WARN_UNGUARDED_AVAILABILITY = YES_AGGRESSIVE;
				CLANG_WARN_UNREACHABLE_CODE = YES;
				CLANG_WARN__DUPLICATE_METHOD_MATCH = YES;
				COPY_PHASE_STRIP = NO;
				DEBUG_INFORMATION_FORMAT = dwarf;
				ENABLE_STRICT_OBJC_MSGSEND = YES;
				ENABLE_TESTABILITY = YES;
				GCC_C_LANGUAGE_STANDARD = gnu11;
				GCC_DYNAMIC_NO_PIC = NO;
				GCC_NO_COMMON_BLOCKS = YES;
				GCC_OPTIMIZATION_LEVEL = 0;
				GCC_PREPROCESSOR_DEFINITIONS = (
					"DEBUG=1",
					"$(inherited)",
				);
				GCC_WARN_64_TO_32_BIT_CONVERSION = YES;
				GCC_WARN_ABOUT_RETURN_TYPE = YES_ERROR;
				GCC_WARN_UNDECLARED_SELECTOR = YES;
				GCC_WARN_UNINITIALIZED_AUTOS = YES_AGGRESSIVE;
				GCC_WARN_UNUSED_FUNCTION = YES;
				GCC_WARN_UNUSED_VARIABLE = YES;
				IPHONEOS_DEPLOYMENT_TARGET = 13.2;
				MTL_ENABLE_DEBUG_INFO = INCLUDE_SOURCE;
				MTL_FAST_MATH = YES;
				ONLY_ACTIVE_ARCH = YES;
				SDKROOT = iphoneos;
				SWIFT_ACTIVE_COMPILATION_CONDITIONS = DEBUG;
				SWIFT_OPTIMIZATION_LEVEL = "-Onone";
			};
			name = Debug;
		};
		44D4D56B26FCE9C000B95669 /* Release */ = {
			isa = XCBuildConfiguration;
			buildSettings = {
				ALWAYS_SEARCH_USER_PATHS = NO;
				CLANG_ANALYZER_NONNULL = YES;
				CLANG_ANALYZER_NUMBER_OBJECT_CONVERSION = YES_AGGRESSIVE;
				CLANG_CXX_LANGUAGE_STANDARD = "gnu++14";
				CLANG_CXX_LIBRARY = "libc++";
				CLANG_ENABLE_MODULES = YES;
				CLANG_ENABLE_OBJC_ARC = YES;
				CLANG_ENABLE_OBJC_WEAK = YES;
				CLANG_WARN_BLOCK_CAPTURE_AUTORELEASING = YES;
				CLANG_WARN_BOOL_CONVERSION = YES;
				CLANG_WARN_COMMA = YES;
				CLANG_WARN_CONSTANT_CONVERSION = YES;
				CLANG_WARN_DEPRECATED_OBJC_IMPLEMENTATIONS = YES;
				CLANG_WARN_DIRECT_OBJC_ISA_USAGE = YES_ERROR;
				CLANG_WARN_DOCUMENTATION_COMMENTS = YES;
				CLANG_WARN_EMPTY_BODY = YES;
				CLANG_WARN_ENUM_CONVERSION = YES;
				CLANG_WARN_INFINITE_RECURSION = YES;
				CLANG_WARN_INT_CONVERSION = YES;
				CLANG_WARN_NON_LITERAL_NULL_CONVERSION = YES;
				CLANG_WARN_OBJC_IMPLICIT_RETAIN_SELF = YES;
				CLANG_WARN_OBJC_LITERAL_CONVERSION = YES;
				CLANG_WARN_OBJC_ROOT_CLASS = YES_ERROR;
				CLANG_WARN_RANGE_LOOP_ANALYSIS = YES;
				CLANG_WARN_STRICT_PROTOTYPES = YES;
				CLANG_WARN_SUSPICIOUS_MOVE = YES;
				CLANG_WARN_UNGUARDED_AVAILABILITY = YES_AGGRESSIVE;
				CLANG_WARN_UNREACHABLE_CODE = YES;
				CLANG_WARN__DUPLICATE_METHOD_MATCH = YES;
				COPY_PHASE_STRIP = NO;
				DEBUG_INFORMATION_FORMAT = "dwarf-with-dsym";
				ENABLE_NS_ASSERTIONS = NO;
				ENABLE_STRICT_OBJC_MSGSEND = YES;
				GCC_C_LANGUAGE_STANDARD = gnu11;
				GCC_NO_COMMON_BLOCKS = YES;
				GCC_WARN_64_TO_32_BIT_CONVERSION = YES;
				GCC_WARN_ABOUT_RETURN_TYPE = YES_ERROR;
				GCC_WARN_UNDECLARED_SELECTOR = YES;
				GCC_WARN_UNINITIALIZED_AUTOS = YES_AGGRESSIVE;
				GCC_WARN_UNUSED_FUNCTION = YES;
				GCC_WARN_UNUSED_VARIABLE = YES;
				IPHONEOS_DEPLOYMENT_TARGET = 13.2;
				MTL_ENABLE_DEBUG_INFO = NO;
				MTL_FAST_MATH = YES;
				SDKROOT = iphoneos;
				SWIFT_COMPILATION_MODE = wholemodule;
				SWIFT_OPTIMIZATION_LEVEL = "-O";
				VALIDATE_PRODUCT = YES;
			};
			name = Release;
		};
		44D4D56D26FCE9C000B95669 /* Debug */ = {
			isa = XCBuildConfiguration;
			buildSettings = {
				ASSETCATALOG_COMPILER_APPICON_NAME = AppIcon;
				CODE_SIGN_STYLE = Automatic;
				INFOPLIST_FILE = ByteCoin/Info.plist;
				LD_RUNPATH_SEARCH_PATHS = (
					"$(inherited)",
					"@executable_path/Frameworks",
				);
				PRODUCT_BUNDLE_IDENTIFIER = abanob.ByteCoin;
				PRODUCT_NAME = "$(TARGET_NAME)";
				SWIFT_VERSION = 5.0;
				TARGETED_DEVICE_FAMILY = "1,2";
			};
			name = Debug;
		};
		44D4D56E26FCE9C000B95669 /* Release */ = {
			isa = XCBuildConfiguration;
			buildSettings = {
				ASSETCATALOG_COMPILER_APPICON_NAME = AppIcon;
				CODE_SIGN_STYLE = Automatic;
				INFOPLIST_FILE = ByteCoin/Info.plist;
				LD_RUNPATH_SEARCH_PATHS = (
					"$(inherited)",
					"@executable_path/Frameworks",
				);
				PRODUCT_BUNDLE_IDENTIFIER = abanob.ByteCoin;
				PRODUCT_NAME = "$(TARGET_NAME)";
				SWIFT_VERSION = 5.0;
				TARGETED_DEVICE_FAMILY = "1,2";
			};
			name = Release;
		};
/* End XCBuildConfiguration section */

/* Begin XCConfigurationList section */
		44D4D55326FCE9BB00B95669 /* Build configuration list for PBXProject "ByteCoin" */ = {
			isa = XCConfigurationList;
			buildConfigurations = (
				44D4D56A26FCE9C000B95669 /* Debug */,
				44D4D56B26FCE9C000B95669 /* Release */,
			);
			defaultConfigurationIsVisible = 0;
			defaultConfigurationName = Release;
		};
		44D4D56C26FCE9C000B95669 /* Build configuration list for PBXNativeTarget "ByteCoin" */ = {
			isa = XCConfigurationList;
			buildConfigurations = (
				44D4D56D26FCE9C000B95669 /* Debug */,
				44D4D56E26FCE9C000B95669 /* Release */,
			);
			defaultConfigurationIsVisible = 0;
			defaultConfigurationName = Release;
		};
/* End XCConfigurationList section */
	};
	rootObject = 44D4D55026FCE9BB00B95669 /* Project object */;
}
